
Microsoft Visual Studio Solution File, Format Version 12.00
# Visual Studio Version 17
VisualStudioVersion = 17.3.32922.545
MinimumVisualStudioVersion = 10.0.40219.1
Project("{9A19103F-16F7-4668-BE54-9A1E7A4F7556}") = "CharsAndStrings", "CharsAndStrings\CharsAndStrings.csproj", "{88521B03-6083-4AE4-ACDF-BDAD0565DB49}"
EndProject
Project("{9A19103F-16F7-4668-BE54-9A1E7A4F7556}") = "ArraysAndLists", "ArraysAndLists\ArraysAndLists.csproj", "{CD4C1BA3-EBC4-4F68-8C00-A4D8E35C1008}"
EndProject
Project("{FAE04EC0-301F-11D3-BF4B-00C04F79EFBC}") = "Delegates", "Delegates\Delegates.csproj", "{4271610E-2478-45AA-9B28-F7BB775220E5}"
EndProject
Project("{FAE04EC0-301F-11D3-BF4B-00C04F79EFBC}") = "Linq", "Linq\Linq.csproj", "{B7980510-8BB9-47F4-B041-1CC020982B6E}"
EndProject
Global
	GlobalSection(SolutionConfigurationPlatforms) = preSolution
		Debug|Any CPU = Debug|Any CPU
		Release|Any CPU = Release|Any CPU
	EndGlobalSection
	GlobalSection(ProjectConfigurationPlatforms) = postSolution
		{88521B03-6083-4AE4-ACDF-BDAD0565DB49}.Debug|Any CPU.ActiveCfg = Debug|Any CPU
		{88521B03-6083-4AE4-ACDF-BDAD0565DB49}.Debug|Any CPU.Build.0 = Debug|Any CPU
		{88521B03-6083-4AE4-ACDF-BDAD0565DB49}.Release|Any CPU.ActiveCfg = Release|Any CPU
		{88521B03-6083-4AE4-ACDF-BDAD0565DB49}.Release|Any CPU.Build.0 = Release|Any CPU
		{CD4C1BA3-EBC4-4F68-8C00-A4D8E35C1008}.Debug|Any CPU.ActiveCfg = Debug|Any CPU
		{CD4C1BA3-EBC4-4F68-8C00-A4D8E35C1008}.Debug|Any CPU.Build.0 = Debug|Any CPU
		{CD4C1BA3-EBC4-4F68-8C00-A4D8E35C1008}.Release|Any CPU.ActiveCfg = Release|Any CPU
		{CD4C1BA3-EBC4-4F68-8C00-A4D8E35C1008}.Release|Any CPU.Build.0 = Release|Any CPU
		{4271610E-2478-45AA-9B28-F7BB775220E5}.Debug|Any CPU.ActiveCfg = Debug|Any CPU
		{4271610E-2478-45AA-9B28-F7BB775220E5}.Debug|Any CPU.Build.0 = Debug|Any CPU
		{4271610E-2478-45AA-9B28-F7BB775220E5}.Release|Any CPU.ActiveCfg = Release|Any CPU
		{4271610E-2478-45AA-9B28-F7BB775220E5}.Release|Any CPU.Build.0 = Release|Any CPU
		{B7980510-8BB9-47F4-B041-1CC020982B6E}.Debug|Any CPU.ActiveCfg = Debug|Any CPU
		{B7980510-8BB9-47F4-B041-1CC020982B6E}.Debug|Any CPU.Build.0 = Debug|Any CPU
		{B7980510-8BB9-47F4-B041-1CC020982B6E}.Release|Any CPU.ActiveCfg = Release|Any CPU
		{B7980510-8BB9-47F4-B041-1CC020982B6E}.Release|Any CPU.Build.0 = Release|Any CPU
	EndGlobalSection
	GlobalSection(SolutionProperties) = preSolution
		HideSolutionNode = FALSE
	EndGlobalSection
	GlobalSection(ExtensibilityGlobals) = postSolution
		SolutionGuid = {FC05C03B-7749-4F5A-83F2-BD5AF2260094}
	EndGlobalSection
EndGlobal
